{
  "requires": true,
  "lockfileVersion": 1,
  "dependencies": {
    "yall-js": {
      "version": "3.1.1",
      "resolved": "https://registry.npmjs.org/yall-js/-/yall-js-3.1.1.tgz",
      "integrity": "sha512-tS1Xxj3l2RsCT7G7AQWaYz8lovQgjWvAYqfxtcCYKTqy7RE2Ub7SRiFszJIW/l2K1A2VJKTfDMlrbvCIUXouyw=="
    }
  }
}
